
Microsoft Visual Studio Solution File, Format Version 12.00
# Visual Studio 15
VisualStudioVersion = 15.0.26124.0
MinimumVisualStudioVersion = 15.0.26124.0
Project("{FAE04EC0-301F-11D3-BF4B-00C04F79EFBC}") = "BooksDll", "BooksDll\BooksDll.csproj", "{2C136F74-CCA8-4324-9509-9315378F1863}"
EndProject
Project("{FAE04EC0-301F-11D3-BF4B-00C04F79EFBC}") = "BooksWeb", "BooksWeb\BooksWeb.csproj", "{9AB059E6-602F-4E50-B5BF-B8055C3BBFA7}"
EndProject
Project("{FAE04EC0-301F-11D3-BF4B-00C04F79EFBC}") = "BooksTest", "BooksTest\BooksTest.csproj", "{3F2BC230-AFAD-41D4-B404-8A4AD38D74A2}"
EndProject
Global
	GlobalSection(SolutionConfigurationPlatforms) = preSolution
		Debug|Any CPU = Debug|Any CPU
		Debug|x64 = Debug|x64
		Debug|x86 = Debug|x86
		Release|Any CPU = Release|Any CPU
		Release|x64 = Release|x64
		Release|x86 = Release|x86
	EndGlobalSection
	GlobalSection(SolutionProperties) = preSolution
		HideSolutionNode = FALSE
	EndGlobalSection
	GlobalSection(ProjectConfigurationPlatforms) = postSolution
		{2C136F74-CCA8-4324-9509-9315378F1863}.Debug|Any CPU.ActiveCfg = Debug|Any CPU
		{2C136F74-CCA8-4324-9509-9315378F1863}.Debug|Any CPU.Build.0 = Debug|Any CPU
		{2C136F74-CCA8-4324-9509-9315378F1863}.Debug|x64.ActiveCfg = Debug|Any CPU
		{2C136F74-CCA8-4324-9509-9315378F1863}.Debug|x64.Build.0 = Debug|Any CPU
		{2C136F74-CCA8-4324-9509-9315378F1863}.Debug|x86.ActiveCfg = Debug|Any CPU
		{2C136F74-CCA8-4324-9509-9315378F1863}.Debug|x86.Build.0 = Debug|Any CPU
		{2C136F74-CCA8-4324-9509-9315378F1863}.Release|Any CPU.ActiveCfg = Release|Any CPU
		{2C136F74-CCA8-4324-9509-9315378F1863}.Release|Any CPU.Build.0 = Release|Any CPU
		{2C136F74-CCA8-4324-9509-9315378F1863}.Release|x64.ActiveCfg = Release|Any CPU
		{2C136F74-CCA8-4324-9509-9315378F1863}.Release|x64.Build.0 = Release|Any CPU
		{2C136F74-CCA8-4324-9509-9315378F1863}.Release|x86.ActiveCfg = Release|Any CPU
		{2C136F74-CCA8-4324-9509-9315378F1863}.Release|x86.Build.0 = Release|Any CPU
		{9AB059E6-602F-4E50-B5BF-B8055C3BBFA7}.Debug|Any CPU.ActiveCfg = Debug|Any CPU
		{9AB059E6-602F-4E50-B5BF-B8055C3BBFA7}.Debug|Any CPU.Build.0 = Debug|Any CPU
		{9AB059E6-602F-4E50-B5BF-B8055C3BBFA7}.Debug|x64.ActiveCfg = Debug|Any CPU
		{9AB059E6-602F-4E50-B5BF-B8055C3BBFA7}.Debug|x64.Build.0 = Debug|Any CPU
		{9AB059E6-602F-4E50-B5BF-B8055C3BBFA7}.Debug|x86.ActiveCfg = Debug|Any CPU
		{9AB059E6-602F-4E50-B5BF-B8055C3BBFA7}.Debug|x86.Build.0 = Debug|Any CPU
		{9AB059E6-602F-4E50-B5BF-B8055C3BBFA7}.Release|Any CPU.ActiveCfg = Release|Any CPU
		{9AB059E6-602F-4E50-B5BF-B8055C3BBFA7}.Release|Any CPU.Build.0 = Release|Any CPU
		{9AB059E6-602F-4E50-B5BF-B8055C3BBFA7}.Release|x64.ActiveCfg = Release|Any CPU
		{9AB059E6-602F-4E50-B5BF-B8055C3BBFA7}.Release|x64.Build.0 = Release|Any CPU
		{9AB059E6-602F-4E50-B5BF-B8055C3BBFA7}.Release|x86.ActiveCfg = Release|Any CPU
		{9AB059E6-602F-4E50-B5BF-B8055C3BBFA7}.Release|x86.Build.0 = Release|Any CPU
		{3F2BC230-AFAD-41D4-B404-8A4AD38D74A2}.Debug|Any CPU.ActiveCfg = Debug|Any CPU
		{3F2BC230-AFAD-41D4-B404-8A4AD38D74A2}.Debug|Any CPU.Build.0 = Debug|Any CPU
		{3F2BC230-AFAD-41D4-B404-8A4AD38D74A2}.Debug|x64.ActiveCfg = Debug|Any CPU
		{3F2BC230-AFAD-41D4-B404-8A4AD38D74A2}.Debug|x64.Build.0 = Debug|Any CPU
		{3F2BC230-AFAD-41D4-B404-8A4AD38D74A2}.Debug|x86.ActiveCfg = Debug|Any CPU
		{3F2BC230-AFAD-41D4-B404-8A4AD38D74A2}.Debug|x86.Build.0 = Debug|Any CPU
		{3F2BC230-AFAD-41D4-B404-8A4AD38D74A2}.Release|Any CPU.ActiveCfg = Release|Any CPU
		{3F2BC230-AFAD-41D4-B404-8A4AD38D74A2}.Release|Any CPU.Build.0 = Release|Any CPU
		{3F2BC230-AFAD-41D4-B404-8A4AD38D74A2}.Release|x64.ActiveCfg = Release|Any CPU
		{3F2BC230-AFAD-41D4-B404-8A4AD38D74A2}.Release|x64.Build.0 = Release|Any CPU
		{3F2BC230-AFAD-41D4-B404-8A4AD38D74A2}.Release|x86.ActiveCfg = Release|Any CPU
		{3F2BC230-AFAD-41D4-B404-8A4AD38D74A2}.Release|x86.Build.0 = Release|Any CPU
	EndGlobalSection
EndGlobal
